# This file is autogenerated, do not edit; changes may be undone by the next 'dep ensure'.


[[projects]]
  name = "github.com/mattn/go-sqlite3"
  packages = ["."]
  revision = "3b3f1d01b2696af5501697c35629048c227586ab"
  version = "v1.1.0"

[solve-meta]
  analyzer-name = "dep"
  analyzer-version = 1
  inputs-digest = "54360e3a0e6869bf3d585bb7c088c52fd4ca665e68ac1b5630715311833f9679"
  solver-name = "gps-cdcl"
  solver-version = 1
