# This file is autogenerated, do not edit; changes may be undone by the next 'dep ensure'.


[[projects]]
  name = "github.com/mattn/go-shellwords"
  packages = ["."]
  revision = "02e3cf038dcea8290e44424da473dd12be796a8a"
  version = "v1.0.3"

[[projects]]
  name = "github.com/mattn/go-sqlite3"
  packages = ["."]
  revision = "3b3f1d01b2696af5501697c35629048c227586ab"
  version = "v1.1.0"

[solve-meta]
  analyzer-name = "dep"
  analyzer-version = 1
  inputs-digest = "e3d1de95cc99968b78bdf7f9beba0ae122a86653ca16fd5568a2fbd2c4f22cd0"
  solver-name = "gps-cdcl"
  solver-version = 1
